
Microsoft Visual Studio Solution File, Format Version 12.00
# Visual Studio Version 17
VisualStudioVersion = 17.0.31903.59
MinimumVisualStudioVersion = 10.0.40219.1
Project("{FAE04EC0-301F-11D3-BF4B-00C04F79EFBC}") = "StudentLoanTracker.Core", "StudentLoanTracker.Core\StudentLoanTracker.Core.csproj", "{21A73502-F1B1-47C9-9DC1-94DF85B16385}"
EndProject
Project("{FAE04EC0-301F-11D3-BF4B-00C04F79EFBC}") = "StudentLoanTracker.Data", "StudentLoanTracker.Data\StudentLoanTracker.Data.csproj", "{F94C8136-2519-410F-99FD-57E9EE343266}"
EndProject
Project("{FAE04EC0-301F-11D3-BF4B-00C04F79EFBC}") = "StudentLoanTracker.App", "StudentLoanTracker.App\StudentLoanTracker.App.csproj", "{07CEB4B7-4CA4-4BA8-9DF1-C87F8C94BC08}"
EndProject
Global
	GlobalSection(SolutionConfigurationPlatforms) = preSolution
		Debug|Any CPU = Debug|Any CPU
		Debug|x64 = Debug|x64
		Debug|x86 = Debug|x86
		Release|Any CPU = Release|Any CPU
		Release|x64 = Release|x64
		Release|x86 = Release|x86
	EndGlobalSection
	GlobalSection(ProjectConfigurationPlatforms) = postSolution
		{21A73502-F1B1-47C9-9DC1-94DF85B16385}.Debug|Any CPU.ActiveCfg = Debug|Any CPU
		{21A73502-F1B1-47C9-9DC1-94DF85B16385}.Debug|Any CPU.Build.0 = Debug|Any CPU
		{21A73502-F1B1-47C9-9DC1-94DF85B16385}.Debug|x64.ActiveCfg = Debug|Any CPU
		{21A73502-F1B1-47C9-9DC1-94DF85B16385}.Debug|x64.Build.0 = Debug|Any CPU
		{21A73502-F1B1-47C9-9DC1-94DF85B16385}.Debug|x86.ActiveCfg = Debug|Any CPU
		{21A73502-F1B1-47C9-9DC1-94DF85B16385}.Debug|x86.Build.0 = Debug|Any CPU
		{21A73502-F1B1-47C9-9DC1-94DF85B16385}.Release|Any CPU.ActiveCfg = Release|Any CPU
		{21A73502-F1B1-47C9-9DC1-94DF85B16385}.Release|Any CPU.Build.0 = Release|Any CPU
		{21A73502-F1B1-47C9-9DC1-94DF85B16385}.Release|x64.ActiveCfg = Release|Any CPU
		{21A73502-F1B1-47C9-9DC1-94DF85B16385}.Release|x64.Build.0 = Release|Any CPU
		{21A73502-F1B1-47C9-9DC1-94DF85B16385}.Release|x86.ActiveCfg = Release|Any CPU
		{21A73502-F1B1-47C9-9DC1-94DF85B16385}.Release|x86.Build.0 = Release|Any CPU
		{F94C8136-2519-410F-99FD-57E9EE343266}.Debug|Any CPU.ActiveCfg = Debug|Any CPU
		{F94C8136-2519-410F-99FD-57E9EE343266}.Debug|Any CPU.Build.0 = Debug|Any CPU
		{F94C8136-2519-410F-99FD-57E9EE343266}.Debug|x64.ActiveCfg = Debug|Any CPU
		{F94C8136-2519-410F-99FD-57E9EE343266}.Debug|x64.Build.0 = Debug|Any CPU
		{F94C8136-2519-410F-99FD-57E9EE343266}.Debug|x86.ActiveCfg = Debug|Any CPU
		{F94C8136-2519-410F-99FD-57E9EE343266}.Debug|x86.Build.0 = Debug|Any CPU
		{F94C8136-2519-410F-99FD-57E9EE343266}.Release|Any CPU.ActiveCfg = Release|Any CPU
		{F94C8136-2519-410F-99FD-57E9EE343266}.Release|Any CPU.Build.0 = Release|Any CPU
		{F94C8136-2519-410F-99FD-57E9EE343266}.Release|x64.ActiveCfg = Release|Any CPU
		{F94C8136-2519-410F-99FD-57E9EE343266}.Release|x64.Build.0 = Release|Any CPU
		{F94C8136-2519-410F-99FD-57E9EE343266}.Release|x86.ActiveCfg = Release|Any CPU
		{F94C8136-2519-410F-99FD-57E9EE343266}.Release|x86.Build.0 = Release|Any CPU
		{07CEB4B7-4CA4-4BA8-9DF1-C87F8C94BC08}.Debug|Any CPU.ActiveCfg = Debug|Any CPU
		{07CEB4B7-4CA4-4BA8-9DF1-C87F8C94BC08}.Debug|Any CPU.Build.0 = Debug|Any CPU
		{07CEB4B7-4CA4-4BA8-9DF1-C87F8C94BC08}.Debug|x64.ActiveCfg = Debug|Any CPU
		{07CEB4B7-4CA4-4BA8-9DF1-C87F8C94BC08}.Debug|x64.Build.0 = Debug|Any CPU
		{07CEB4B7-4CA4-4BA8-9DF1-C87F8C94BC08}.Debug|x86.ActiveCfg = Debug|Any CPU
		{07CEB4B7-4CA4-4BA8-9DF1-C87F8C94BC08}.Debug|x86.Build.0 = Debug|Any CPU
		{07CEB4B7-4CA4-4BA8-9DF1-C87F8C94BC08}.Release|Any CPU.ActiveCfg = Release|Any CPU
		{07CEB4B7-4CA4-4BA8-9DF1-C87F8C94BC08}.Release|Any CPU.Build.0 = Release|Any CPU
		{07CEB4B7-4CA4-4BA8-9DF1-C87F8C94BC08}.Release|x64.ActiveCfg = Release|Any CPU
		{07CEB4B7-4CA4-4BA8-9DF1-C87F8C94BC08}.Release|x64.Build.0 = Release|Any CPU
		{07CEB4B7-4CA4-4BA8-9DF1-C87F8C94BC08}.Release|x86.ActiveCfg = Release|Any CPU
		{07CEB4B7-4CA4-4BA8-9DF1-C87F8C94BC08}.Release|x86.Build.0 = Release|Any CPU
	EndGlobalSection
	GlobalSection(SolutionProperties) = preSolution
		HideSolutionNode = FALSE
	EndGlobalSection
EndGlobal
